<?xml version="1.0" encoding="utf-8"?>
<Project ToolsVersion="4.0" xmlns="http://schemas.microsoft.com/developer/msbuild/2003">
  <ItemGroup>
    <Filter Include="Code">
      <UniqueIdentifier>{581cbf09-a67e-4217-9543-49430390d3cb}</UniqueIdentifier>
    </Filter>
  </ItemGroup>
  <ItemGroup>
    <ClCompile Include="Code\Main.cpp">
      <Filter>Code</Filter>
    </ClCompile>
    <ClCompile Include="Code\OPTada_Window.cpp">
      <Filter>Code</Filter>
    </ClCompile>
  </ItemGroup>
  <ItemGroup>
    <ClInclude Include="Code\OPTada_Window.h">
      <Filter>Code</Filter>
    </ClInclude>
    <ClInclude Include="Code\OPTada_Window_Settings.h">
      <Filter>Code</Filter>
    </ClInclude>
    <ClInclude Include="Program_Logic.h">
      <Filter>Code</Filter>
    </ClInclude>
  </ItemGroup>
</Project>