<?xml version="1.0" encoding="utf-8"?>
<Project ToolsVersion="4.0" xmlns="http://schemas.microsoft.com/developer/msbuild/2003">
  <ItemGroup>
    <Filter Include="Code">
      <UniqueIdentifier>{581cbf09-a67e-4217-9543-49430390d3cb}</UniqueIdentifier>
    </Filter>
    <Filter Include="Code\Window">
      <UniqueIdentifier>{ad961b5a-d435-4340-bc03-0ceadf87dc9c}</UniqueIdentifier>
    </Filter>
    <Filter Include="Code\Render">
      <UniqueIdentifier>{63a4716a-2733-43df-9578-d949b90b3b8c}</UniqueIdentifier>
    </Filter>
    <Filter Include="Shaders">
      <UniqueIdentifier>{83c70ca7-4092-4497-9a57-de062d8016ab}</UniqueIdentifier>
    </Filter>
    <Filter Include="Code\Render\ResourceManager">
      <UniqueIdentifier>{e91b306c-5cd0-4a4c-8bf2-7d8d2a3aa08e}</UniqueIdentifier>
    </Filter>
    <Filter Include="Code\Render\ResourceManager\Shader configuration">
      <UniqueIdentifier>{ded6924e-496c-477c-af13-f137b8722eb2}</UniqueIdentifier>
    </Filter>
  </ItemGroup>
  <ItemGroup>
    <ClCompile Include="Code\Main.cpp">
      <Filter>Code</Filter>
    </ClCompile>
    <ClCompile Include="Code\Window\OPTada_Window.cpp">
      <Filter>Code\Window</Filter>
    </ClCompile>
    <ClCompile Include="Code\Render\OPTada_Render.cpp">
      <Filter>Code\Render</Filter>
    </ClCompile>
    <ClCompile Include="Code\Render\ResourceManager\OPTadaC_ResourceManager.cpp">
      <Filter>Code\Render\ResourceManager</Filter>
    </ClCompile>
  </ItemGroup>
  <ItemGroup>
    <ClInclude Include="Code\OPTada_Instance.h">
      <Filter>Code</Filter>
    </ClInclude>
    <ClInclude Include="Code\Render\OPTada_Render.h">
      <Filter>Code\Render</Filter>
    </ClInclude>
    <ClInclude Include="Code\Window\OPTada_Window.h">
      <Filter>Code\Window</Filter>
    </ClInclude>
    <ClInclude Include="Code\Window\OPTada_Window_Settings.h">
      <Filter>Code\Window</Filter>
    </ClInclude>
    <ClInclude Include="Code\Render\OPTada_Render_Settings.h">
      <Filter>Code\Render</Filter>
    </ClInclude>
    <ClInclude Include="Code\Game_Level.h">
      <Filter>Code</Filter>
    </ClInclude>
    <ClInclude Include="Code\Render\ResourceManager\OPTadaC_ResourceManager.h">
      <Filter>Code\Render\ResourceManager</Filter>
    </ClInclude>
  </ItemGroup>
  <ItemGroup>
    <FxCompile Include="Shaders\VertexShader.hlsl">
      <Filter>Shaders</Filter>
    </FxCompile>
    <FxCompile Include="Shaders\PixelShader.hlsl">
      <Filter>Shaders</Filter>
    </FxCompile>
  </ItemGroup>
</Project>